
Microsoft Visual Studio Solution File, Format Version 12.00
# Visual Studio Version 17
VisualStudioVersion = 17.11.35303.130
MinimumVisualStudioVersion = 10.0.40219.1
Project("{FAE04EC0-301F-11D3-BF4B-00C04F79EFBC}") = "drink_order_system", "drink_order_system\drink_order_system.csproj", "{EC52A6E4-5E91-4DB2-A819-C1FE9BD9D2D5}"
EndProject
Global
	GlobalSection(SolutionConfigurationPlatforms) = preSolution
		Debug|Any CPU = Debug|Any CPU
		Release|Any CPU = Release|Any CPU
	EndGlobalSection
	GlobalSection(ProjectConfigurationPlatforms) = postSolution
		{EC52A6E4-5E91-4DB2-A819-C1FE9BD9D2D5}.Debug|Any CPU.ActiveCfg = Debug|Any CPU
		{EC52A6E4-5E91-4DB2-A819-C1FE9BD9D2D5}.Debug|Any CPU.Build.0 = Debug|Any CPU
		{EC52A6E4-5E91-4DB2-A819-C1FE9BD9D2D5}.Release|Any CPU.ActiveCfg = Release|Any CPU
		{EC52A6E4-5E91-4DB2-A819-C1FE9BD9D2D5}.Release|Any CPU.Build.0 = Release|Any CPU
	EndGlobalSection
	GlobalSection(SolutionProperties) = preSolution
		HideSolutionNode = FALSE
	EndGlobalSection
	GlobalSection(ExtensibilityGlobals) = postSolution
		SolutionGuid = {D5908636-212E-4FCD-89DD-92EFE400815C}
	EndGlobalSection
EndGlobal
